# THIS IS AN AUTOGENERATED FILE. DO NOT EDIT THIS FILE DIRECTLY.
# yarn lockfile v1
# bun ./bun.lockb --hash: EF0DB231F92505A9-807b0d717dbe3ac0-E5DE711342F60BB3-14ad9978b07d9aea


"@effect/cli@latest":
  version "0.34.0"
  resolved "https://registry.npmjs.org/@effect/cli/-/cli-0.34.0.tgz"
  integrity sha512-oA8jYP7sJnFxOA9qk5i37liDXE1D73N9bQtdnX1dDKDk3MtPZJkIjPrKiNk/VTvB3MAghJYdTFegUzHw5t+Cyw==
  dependencies:
    ini "^4.1.1"
    toml "^3.0.0"
    yaml "^2.3.4"

"@effect/experimental@^0.9.13":
  version "0.9.17"
  resolved "https://registry.npmjs.org/@effect/experimental/-/experimental-0.9.17.tgz"
  integrity sha512-45Ivw6LZLj8CefZHT8v3Sp5XJkGCm5YWrnyWvyYf1vTk5SFgMEZj4jGtV04oETEjQ1YC9qm2UFJ1AkzB6fw5lQ==
  dependencies:
    isomorphic-ws "^5.0.0"
    msgpackr "^1.10.1"

"@effect/opentelemetry@latest":
  version "0.31.10"
  resolved "https://registry.npmjs.org/@effect/opentelemetry/-/opentelemetry-0.31.10.tgz"
  integrity sha512-n9sOsFTiQYZDHYD6sa3pvYPMktygIbGft4LRf+GXFpjk1r895inYboHhSDha5Q9SKs5pZtEaVMNGxOzhaD+djw==

"@effect/platform@^0.43.11":
  version "0.44.1"
  resolved "https://registry.npmjs.org/@effect/platform/-/platform-0.44.1.tgz"
  integrity sha512-j22/P4dYkyoMcTgR341w0hXX/4Xr9STIxXrHOgcw4CRKLz8U8dZjoB+zOZ8JVdrQQ64IRmdLqMiyabXiGfzufA==
  dependencies:
    find-my-way-ts "^0.1.1"
    multipasta "^0.1.21"
    path-browserify "^1.0.1"

"@effect/platform@^0.46.0", "@effect/platform@latest":
  version "0.46.0"
  resolved "https://registry.npmjs.org/@effect/platform/-/platform-0.46.0.tgz"
  integrity sha512-39cLfYzXBkYNJ49F4qoFizpZXu2+XgQAjqIK6HvR8NejICl9kAGo6egy5v/URvF77I20sL486pEOX2HHoAWw2g==
  dependencies:
    find-my-way-ts "^0.1.1"
    multipasta "^0.1.21"
    path-browserify "^1.0.1"

"@effect/platform-browser@latest":
  version "0.30.7"
  resolved "https://registry.npmjs.org/@effect/platform-browser/-/platform-browser-0.30.7.tgz"
  integrity sha512-QSASEXosgQnHy8aJRsNJvvfrpKGrRlXBoj0IKY5eLNDPNYrutdLGsF6srpkgPHCOu8mExRu4rR4jvzT32QKOPA==
  dependencies:
    multipasta "^0.1.21"

"@effect/platform-bun@latest":
  version "0.32.7"
  resolved "https://registry.npmjs.org/@effect/platform-bun/-/platform-bun-0.32.7.tgz"
  integrity sha512-4skYMao9vwf2z5XBwiskPm3RQvhKGwvicSmQX+g3/Et3gzrgTUj/SuffL/k76A9LTvMtptPqtXSOWt/Xs7D9aw==
  dependencies:
    "@effect/platform-node-shared" "^0.2.0"

"@effect/platform-node@^0.44.8", "@effect/platform-node@latest":
  version "0.44.8"
  resolved "https://registry.npmjs.org/@effect/platform-node/-/platform-node-0.44.8.tgz"
  integrity sha512-6PQcQhdNDdb4X/8HSLIYw6AvkkX+NYnAzbbqcKNi7g14HGs9i78NogoJlziQ47dFyYSMLaiHTY2YxksZ2qgEyA==
  dependencies:
    mime "^3.0.0"
    "@effect/platform-node-shared" "^0.2.0"

"@effect/platform-node-shared@^0.2.0", "@effect/platform-node-shared@latest":
  version "0.2.0"
  resolved "https://registry.npmjs.org/@effect/platform-node-shared/-/platform-node-shared-0.2.0.tgz"
  integrity sha512-UJqRJXIcjb/Jv7gTAsfvCGjI0EaPg9+SqUgP2Orc0sEf8tukm1t3FvLK9tDSd3JMi2klxnVob6tYVjb3OMp8uQ==
  dependencies:
    multipasta "^0.1.21"

"@effect/printer@^0.31.9", "@effect/printer@latest":
  version "0.31.9"
  resolved "https://registry.npmjs.org/@effect/printer/-/printer-0.31.9.tgz"
  integrity sha512-3vK34sHWfRqrr8g24NxO+4Fl5A/MvUZ+6QmITsgdzz+N4VAXSxarMMFmBpnnK1vzINfDUFHV9T28+WI7rv10Aw==

"@effect/printer-ansi@^0.32.9", "@effect/printer-ansi@latest":
  version "0.32.9"
  resolved "https://registry.npmjs.org/@effect/printer-ansi/-/printer-ansi-0.32.9.tgz"
  integrity sha512-EJiS07ASmc6c5uPIjiDXOJYXI2pda1L9XQr6FajUgJOGPdWGopYXtURN5oDiy9sScy6E6D6ct0NuxqlIBlPW/A==
  dependencies:
    "@effect/printer" "^0.31.9"

"@effect/rpc@^0.26.18":
  version "0.26.18"
  resolved "https://registry.npmjs.org/@effect/rpc/-/rpc-0.26.18.tgz"
  integrity sha512-Li4sgwuPd/UqpUbdCW0P16n3W4ermYhR4ZVWlaArzFs0AcQVQFD1Su86Dg4aAaxq4ICSZRXEJ0dsCHBnT+F/Dg==

"@effect/rpc@^0.27.15", "@effect/rpc@latest":
  version "0.27.15"
  resolved "https://registry.npmjs.org/@effect/rpc/-/rpc-0.27.15.tgz"
  integrity sha512-WUzo995cBo5cvvjEsNIuR0q/mQsBwKZWLGkEKLV4t8U0XCs0wPHvFmH5BgvjNkqjU2PXQkW4qCIV95grQxbTag==

"@effect/rpc-http@^0.25.25":
  version "0.25.25"
  resolved "https://registry.npmjs.org/@effect/rpc-http/-/rpc-http-0.25.25.tgz"
  integrity sha512-D0WW+ckhcmj0Dr0kgSBTcqgJ6yUdtgqYj+A6SO8WcjWVy/97mhwncEusd5UFexqivMPJuAEO71+EUuMKara9aw==
  dependencies:
    "@effect/rpc" "^0.26.18"

"@effect/rpc-http@latest":
  version "0.26.15"
  resolved "https://registry.npmjs.org/@effect/rpc-http/-/rpc-http-0.26.15.tgz"
  integrity sha512-ohflLMrlXBSo5Y3feZDM2rlyhT4t/FS9Nol/nsIMG5paK8RYzk3Rnpn7SUqqtHLLuaQt/mWjSbt8YE7kxkzDbg==
  dependencies:
    "@effect/rpc" "^0.27.15"

"@effect/rpc-http-node@latest":
  version "0.25.25"
  resolved "https://registry.npmjs.org/@effect/rpc-http-node/-/rpc-http-node-0.25.25.tgz"
  integrity sha512-gvBoN5fTMCV4prP6YQMie4tcbtyJjILxSD9XLDsN5KyX3LA7gLfhWErMkLjGhLU96cwiXE03BIhpFAoYBcDcUw==
  dependencies:
    "@effect/rpc" "^0.26.18"
    "@effect/rpc-http" "^0.25.25"

"@effect/rpc-nextjs@latest":
  version "0.25.25"
  resolved "https://registry.npmjs.org/@effect/rpc-nextjs/-/rpc-nextjs-0.25.25.tgz"
  integrity sha512-p/zAvxE8cSFMUNPbnw/kEp48hJlC9R5+9YtAMnkH0nSRi8Aj50l4w4llTcnjCC4nRbD3z/1jp9qT/oqrkj0AqQ==
  dependencies:
    "@effect/rpc" "^0.26.18"
    "@effect/rpc-http" "^0.25.25"

"@effect/rpc-workers@latest":
  version "0.25.25"
  resolved "https://registry.npmjs.org/@effect/rpc-workers/-/rpc-workers-0.25.25.tgz"
  integrity sha512-HT3pvHX+lgq/pICv5Aw1Uju3QUlEZpdPgc25FnabdZS0ESl9KyyODVHn4CMj6j746N9A8oA+4PUBdELXfd6jcQ==
  dependencies:
    "@effect/rpc" "^0.26.18"

"@effect/schema@^0.61.7", "@effect/schema@^0.62.1":
  version "0.62.1"
  resolved "https://registry.npmjs.org/@effect/schema/-/schema-0.62.1.tgz"
  integrity sha512-Zi8PtOElNyq0INLqGlDrMqB/uzs/TACP2ZhcLABm/QjFVvRTO996UaVdsOyA+OTqroQkoYEe+q/cnXxlMAGLBw==

"@effect/schema@^0.63.0", "@effect/schema@latest":
  version "0.63.0"
  resolved "https://registry.npmjs.org/@effect/schema/-/schema-0.63.0.tgz"
  integrity sha512-z+QTqCUexkh/qyEz5WMHVV/dDLr5jN2eOMUsXzgxzmtBFiBy1L8xunbt+/JgGBhPLOBqLzDysLlnL56edzTNzQ==

"@effect/typeclass@^0.23.0", "@effect/typeclass@latest":
  version "0.23.0"
  resolved "https://registry.npmjs.org/@effect/typeclass/-/typeclass-0.23.0.tgz"
  integrity sha512-AqQh9ZkHEx0RP8PBccXxSAe+yDenXcVivzFcgeboW7dRw9Rp6GCKDssEoNySh3kC0uAXweVh2Ycz8Ynbax22Ug==

"@msgpackr-extract/msgpackr-extract-darwin-arm64@3.0.2":
  version "3.0.2"
  resolved "https://registry.npmjs.org/@msgpackr-extract/msgpackr-extract-darwin-arm64/-/msgpackr-extract-darwin-arm64-3.0.2.tgz"
  integrity sha512-9bfjwDxIDWmmOKusUcqdS4Rw+SETlp9Dy39Xui9BEGEk19dDwH0jhipwFzEff/pFg95NKymc6TOTbRKcWeRqyQ==

"@msgpackr-extract/msgpackr-extract-darwin-x64@3.0.2":
  version "3.0.2"
  resolved "https://registry.npmjs.org/@msgpackr-extract/msgpackr-extract-darwin-x64/-/msgpackr-extract-darwin-x64-3.0.2.tgz"
  integrity sha512-lwriRAHm1Yg4iDf23Oxm9n/t5Zpw1lVnxYU3HnJPTi2lJRkKTrps1KVgvL6m7WvmhYVt/FIsssWay+k45QHeuw==

"@msgpackr-extract/msgpackr-extract-linux-arm@3.0.2":
  version "3.0.2"
  resolved "https://registry.npmjs.org/@msgpackr-extract/msgpackr-extract-linux-arm/-/msgpackr-extract-linux-arm-3.0.2.tgz"
  integrity sha512-MOI9Dlfrpi2Cuc7i5dXdxPbFIgbDBGgKR5F2yWEa6FVEtSWncfVNKW5AKjImAQ6CZlBK9tympdsZJ2xThBiWWA==

"@msgpackr-extract/msgpackr-extract-linux-arm64@3.0.2":
  version "3.0.2"
  resolved "https://registry.npmjs.org/@msgpackr-extract/msgpackr-extract-linux-arm64/-/msgpackr-extract-linux-arm64-3.0.2.tgz"
  integrity sha512-FU20Bo66/f7He9Fp9sP2zaJ1Q8L9uLPZQDub/WlUip78JlPeMbVL8546HbZfcW9LNciEXc8d+tThSJjSC+tmsg==

"@msgpackr-extract/msgpackr-extract-linux-x64@3.0.2":
  version "3.0.2"
  resolved "https://registry.npmjs.org/@msgpackr-extract/msgpackr-extract-linux-x64/-/msgpackr-extract-linux-x64-3.0.2.tgz"
  integrity sha512-gsWNDCklNy7Ajk0vBBf9jEx04RUxuDQfBse918Ww+Qb9HCPoGzS+XJTLe96iN3BVK7grnLiYghP/M4L8VsaHeA==

"@msgpackr-extract/msgpackr-extract-win32-x64@3.0.2":
  version "3.0.2"
  resolved "https://registry.npmjs.org/@msgpackr-extract/msgpackr-extract-win32-x64/-/msgpackr-extract-win32-x64-3.0.2.tgz"
  integrity sha512-O+6Gs8UeDbyFpbSh2CPEz/UOrrdWPTBYNblZK5CxxLisYt4kGX3Sc+czffFonyjiGSq3jWLwJS/CCJc7tBr4sQ==

"@next/env@14.1.0":
  version "14.1.0"
  resolved "https://registry.npmjs.org/@next/env/-/env-14.1.0.tgz"
  integrity sha512-Py8zIo+02ht82brwwhTg36iogzFqGLPXlRGKQw5s+qP/kMNc4MAyDeEwBKDijk6zTIbegEgu8Qy7C1LboslQAw==

"@next/swc-darwin-arm64@14.1.0":
  version "14.1.0"
  resolved "https://registry.npmjs.org/@next/swc-darwin-arm64/-/swc-darwin-arm64-14.1.0.tgz"
  integrity sha512-nUDn7TOGcIeyQni6lZHfzNoo9S0euXnu0jhsbMOmMJUBfgsnESdjN97kM7cBqQxZa8L/bM9om/S5/1dzCrW6wQ==

"@next/swc-darwin-x64@14.1.0":
  version "14.1.0"
  resolved "https://registry.npmjs.org/@next/swc-darwin-x64/-/swc-darwin-x64-14.1.0.tgz"
  integrity sha512-1jgudN5haWxiAl3O1ljUS2GfupPmcftu2RYJqZiMJmmbBT5M1XDffjUtRUzP4W3cBHsrvkfOFdQ71hAreNQP6g==

"@next/swc-linux-arm64-gnu@14.1.0":
  version "14.1.0"
  resolved "https://registry.npmjs.org/@next/swc-linux-arm64-gnu/-/swc-linux-arm64-gnu-14.1.0.tgz"
  integrity sha512-RHo7Tcj+jllXUbK7xk2NyIDod3YcCPDZxj1WLIYxd709BQ7WuRYl3OWUNG+WUfqeQBds6kvZYlc42NJJTNi4tQ==

"@next/swc-linux-arm64-musl@14.1.0":
  version "14.1.0"
  resolved "https://registry.npmjs.org/@next/swc-linux-arm64-musl/-/swc-linux-arm64-musl-14.1.0.tgz"
  integrity sha512-v6kP8sHYxjO8RwHmWMJSq7VZP2nYCkRVQ0qolh2l6xroe9QjbgV8siTbduED4u0hlk0+tjS6/Tuy4n5XCp+l6g==

"@next/swc-linux-x64-gnu@14.1.0":
  version "14.1.0"
  resolved "https://registry.npmjs.org/@next/swc-linux-x64-gnu/-/swc-linux-x64-gnu-14.1.0.tgz"
  integrity sha512-zJ2pnoFYB1F4vmEVlb/eSe+VH679zT1VdXlZKX+pE66grOgjmKJHKacf82g/sWE4MQ4Rk2FMBCRnX+l6/TVYzQ==

"@next/swc-linux-x64-musl@14.1.0":
  version "14.1.0"
  resolved "https://registry.npmjs.org/@next/swc-linux-x64-musl/-/swc-linux-x64-musl-14.1.0.tgz"
  integrity sha512-rbaIYFt2X9YZBSbH/CwGAjbBG2/MrACCVu2X0+kSykHzHnYH5FjHxwXLkcoJ10cX0aWCEynpu+rP76x0914atg==

"@next/swc-win32-arm64-msvc@14.1.0":
  version "14.1.0"
  resolved "https://registry.npmjs.org/@next/swc-win32-arm64-msvc/-/swc-win32-arm64-msvc-14.1.0.tgz"
  integrity sha512-o1N5TsYc8f/HpGt39OUQpQ9AKIGApd3QLueu7hXk//2xq5Z9OxmV6sQfNp8C7qYmiOlHYODOGqNNa0e9jvchGQ==

"@next/swc-win32-ia32-msvc@14.1.0":
  version "14.1.0"
  resolved "https://registry.npmjs.org/@next/swc-win32-ia32-msvc/-/swc-win32-ia32-msvc-14.1.0.tgz"
  integrity sha512-XXIuB1DBRCFwNO6EEzCTMHT5pauwaSj4SWs7CYnME57eaReAKBXCnkUE80p/pAZcewm7hs+vGvNqDPacEXHVkw==

"@next/swc-win32-x64-msvc@14.1.0":
  version "14.1.0"
  resolved "https://registry.npmjs.org/@next/swc-win32-x64-msvc/-/swc-win32-x64-msvc-14.1.0.tgz"
  integrity sha512-9WEbVRRAqJ3YFVqEZIxUqkiO8l1nool1LmNxygr5HWF8AcSYsEpneUDhmjUVJEzO2A04+oPtZdombzzPPkTtgg==

"@opentelemetry/api@>=1.0.0 <1.8.0", "@opentelemetry/api@^1.1.0", "@opentelemetry/api@^1.6":
  version "1.7.0"
  resolved "https://registry.npmjs.org/@opentelemetry/api/-/api-1.7.0.tgz"
  integrity sha512-AdY5wvN0P2vXBi3b29hxZgSFvdhdxPB9+f0B6s//P9Q8nibRWeA3cHm8UmLpio9ABigkVHJ5NMPk+Mz8VCCyrw==

"@opentelemetry/core@1.21.0":
  version "1.21.0"
  resolved "https://registry.npmjs.org/@opentelemetry/core/-/core-1.21.0.tgz"
  integrity sha512-KP+OIweb3wYoP7qTYL/j5IpOlu52uxBv5M4+QhSmmUfLyTgu1OIS71msK3chFo1D6Y61BIH3wMiMYRCxJCQctA==
  dependencies:
    "@opentelemetry/semantic-conventions" "1.21.0"

"@opentelemetry/resources@1.21.0", "@opentelemetry/resources@^1.17":
  version "1.21.0"
  resolved "https://registry.npmjs.org/@opentelemetry/resources/-/resources-1.21.0.tgz"
  integrity sha512-1Z86FUxPKL6zWVy2LdhueEGl9AHDJcx+bvHStxomruz6Whd02mE3lNUMjVJ+FGRoktx/xYQcxccYb03DiUP6Yw==
  dependencies:
    "@opentelemetry/core" "1.21.0"
    "@opentelemetry/semantic-conventions" "1.21.0"

"@opentelemetry/sdk-trace-base@^1.17", "@opentelemetry/sdk-trace-base@^1.21.0":
  version "1.21.0"
  resolved "https://registry.npmjs.org/@opentelemetry/sdk-trace-base/-/sdk-trace-base-1.21.0.tgz"
  integrity sha512-yrElGX5Fv0umzp8Nxpta/XqU71+jCAyaLk34GmBzNcrW43nqbrqvdPs4gj4MVy/HcTjr6hifCDCYA3rMkajxxA==
  dependencies:
    "@opentelemetry/core" "1.21.0"
    "@opentelemetry/resources" "1.21.0"
    "@opentelemetry/semantic-conventions" "1.21.0"

"@opentelemetry/semantic-conventions@1.21.0", "@opentelemetry/semantic-conventions@^1.17":
  version "1.21.0"
  resolved "https://registry.npmjs.org/@opentelemetry/semantic-conventions/-/semantic-conventions-1.21.0.tgz"
  integrity sha512-lkC8kZYntxVKr7b8xmjCVUgE0a8xgDakPyDo9uSWavXPyYqLgYYGdEd2j8NxihRyb6UwpX3G/hFUF4/9q2V+/g==

"@swc/helpers@0.5.2":
  version "0.5.2"
  resolved "https://registry.npmjs.org/@swc/helpers/-/helpers-0.5.2.tgz"
  integrity sha512-E4KcWTpoLHqwPHLxidpOqQbcrZVgi0rsmmZXUle1jXmJfuIf/UWpczUJ7MZZ5tlxytgJXyp0w4PGkkeLiuIdZw==
  dependencies:
    tslib "^2.4.0"

"@types/bun@latest":
  version "1.0.12"
  resolved "https://registry.npmjs.org/@types/bun/-/bun-1.0.12.tgz"
  integrity sha512-qPb5FcygbpSS1NDBjWyQCWeI9kKXwSYSR1Enu7yb+gMXgFwGMhlyOvgV/7FGrdvAjlSXWRY6IDepos7k8WzAtQ==
  dependencies:
    bun-types "1.0.36"

"@types/node@*":
  version "20.11.5"
  resolved "https://registry.npmjs.org/@types/node/-/node-20.11.5.tgz"
  integrity sha512-g557vgQjUUfN76MZAN/dt1z3dzcUsimuysco0KeluHgrPdJXkP/XdAURgyO2W9fZWHRtRBiVKzKn8vyOAwlG+w==
  dependencies:
    undici-types "~5.26.4"

"@types/node@~20.11.3":
  version "20.11.19"
  resolved "https://registry.npmjs.org/@types/node/-/node-20.11.19.tgz"
  integrity sha512-7xMnVEcZFu0DikYjWOlRq7NTPETrm7teqUT2WkQjrTIkEgUyyGdWsj/Zg8bEJt5TNklzbPD1X3fqfsHw3SpapQ==
  dependencies:
    undici-types "~5.26.4"

"@types/ws@~8.5.10":
  version "8.5.10"
  resolved "https://registry.npmjs.org/@types/ws/-/ws-8.5.10.tgz"
  integrity sha512-vmQSUcfalpIq0R9q7uTo2lXs6eGIpt9wtnLdMv9LVpIjCA/+ufZRozlVoVelIYixx1ugCBKDhn89vnsEGOCx9A==
  dependencies:
    "@types/node" "*"

bun-types@1.0.36:
  version "1.0.36"
  resolved "https://registry.npmjs.org/bun-types/-/bun-types-1.0.36.tgz"
  integrity sha512-gaIb1SyhB0JZfIEg73/kSFhqolUqJXC68peguhXGwqr27HuvI8nkD0LTIHp/1DY4cNadfXHYgYrZIWX7oEoXlg==
  dependencies:
    "@types/node" "~20.11.3"
    "@types/ws" "~8.5.10"

busboy@1.6.0:
  version "1.6.0"
  resolved "https://registry.npmjs.org/busboy/-/busboy-1.6.0.tgz"
  integrity sha512-8SFQbg/0hQ9xy3UNTB0YEnsNBbWfhf7RtnzpL7TkBiTBRfrQ9Fxcnz7VJsleJpyp6rVLvXiuORqjlHi5q+PYuA==
  dependencies:
    streamsearch "^1.1.0"

caniuse-lite@^1.0.30001579:
  version "1.0.30001584"
  resolved "https://registry.npmjs.org/caniuse-lite/-/caniuse-lite-1.0.30001584.tgz"
  integrity sha512-LOz7CCQ9M1G7OjJOF9/mzmqmj3jE/7VOmrfw6Mgs0E8cjOsbRXQJHsPBfmBOXDskXKrHLyyW3n7kpDW/4BsfpQ==

chalk@^5.3.0:
  version "5.3.0"
  resolved "https://registry.npmjs.org/chalk/-/chalk-5.3.0.tgz"
  integrity sha512-dLitG79d+GV1Nb/VYcCDFivJeK1hiukt9QjRNVOsUtTy1rR1YJsmpGGTZ3qJos+uw7WmWF4wUwBd9jxjocFC2w==

client-only@0.0.1:
  version "0.0.1"
  resolved "https://registry.npmjs.org/client-only/-/client-only-0.0.1.tgz"
  integrity sha512-IV3Ou0jSMzZrd3pZ48nLkT9DA7Ag1pnPzaiQhpW7c3RbcqqzvzzVu+L8gfqMp/8IM2MQtSiqaCxrrcfu8I8rMA==

effect@^2.2.5, effect@^2.3.1:
  version "2.3.1"
  resolved "https://registry.npmjs.org/effect/-/effect-2.3.1.tgz"
  integrity sha512-bOmhWIt3WjccP2DXan8eJmIqjVXwan0hj+Y6BHJOauHt8HNEuQndp6D7bAUsUsjPoKGCU70J9sMeT5QEVYlgbQ==

effect@^2.4.0, effect@latest:
  version "2.4.0"
  resolved "https://registry.npmjs.org/effect/-/effect-2.4.0.tgz"
  integrity sha512-HAtFVAbAGYDzfGbrSrX1gzMzXym15zk1+ps72X8W1wdZY0vxq+u23w8u9DhAZjiJPHT4W9ZYL7QWQqpP4t+dSg==

fast-check@^3.13.2:
  version "3.15.0"
  resolved "https://registry.npmjs.org/fast-check/-/fast-check-3.15.0.tgz"
  integrity sha512-iBz6c+EXL6+nI931x/sbZs1JYTZtLG6Cko0ouS8LRTikhDR7+wZk4TYzdRavlnByBs2G6+nuuJ7NYL9QplNt8Q==
  dependencies:
    pure-rand "^6.0.0"

fast-decode-uri-component@^1.0.1:
  version "1.0.1"
  resolved "https://registry.npmjs.org/fast-decode-uri-component/-/fast-decode-uri-component-1.0.1.tgz"
  integrity sha512-WKgKWg5eUxvRZGwW8FvfbaH7AXSh2cL+3j5fMGzUMCxWBJ3dV3a7Wz8y2f/uQ0e3B6WmodD3oS54jTQ9HVTIIg==

fast-querystring@^1.0.0:
  version "1.1.2"
  resolved "https://registry.npmjs.org/fast-querystring/-/fast-querystring-1.1.2.tgz"
  integrity sha512-g6KuKWmFXc0fID8WWH0jit4g0AGBoJhCkJMb1RmbsSEUNvQ+ZC8D6CUZ+GtF8nMzSPXnhiePyyqqipzNNEnHjg==
  dependencies:
    fast-decode-uri-component "^1.0.1"

find-my-way-ts@^0.1.1:
  version "0.1.1"
  resolved "https://registry.npmjs.org/find-my-way-ts/-/find-my-way-ts-0.1.1.tgz"
  integrity sha512-nXUdq29JRQ1tYa1/n+DHTVChMARJHz+gi7sDZibwQukzHP7Hrr6s+sxKbaIM8xB3LzhSBJy5yLb0JhIUmHmOiA==
  dependencies:
    fast-querystring "^1.0.0"

graceful-fs@^4.2.11:
  version "4.2.11"
  resolved "https://registry.npmjs.org/graceful-fs/-/graceful-fs-4.2.11.tgz"
  integrity sha512-RbJ5/jmFcNNCcDV5o9eTnBLJ/HszWV0P73bc+Ff4nS/rJj+YaS6IGyiOL0VoBYX+l1Wrl3k63h/KrH+nhJ0XvQ==

ini@^4.1.1:
  version "4.1.1"
  resolved "https://registry.npmjs.org/ini/-/ini-4.1.1.tgz"
  integrity sha512-QQnnxNyfvmHFIsj7gkPcYymR8Jdw/o7mp5ZFihxn6h8Ci6fh3Dx4E1gPjpQEpIuPo9XVNY/ZUwh4BPMjGyL01g==

isomorphic-ws@^5.0.0:
  version "5.0.0"
  resolved "https://registry.npmjs.org/isomorphic-ws/-/isomorphic-ws-5.0.0.tgz"
  integrity sha512-muId7Zzn9ywDsyXgTIafTry2sV3nySZeUDe6YedVd1Hvuuep5AsIlqK+XefWpYTyJG5e503F2xIuT2lcU6rCSw==

"js-tokens@^3.0.0 || ^4.0.0":
  version "4.0.0"
  resolved "https://registry.npmjs.org/js-tokens/-/js-tokens-4.0.0.tgz"
  integrity sha512-RdJUflcE3cUzKiMqQgsCu06FPu9UdIJO0beYbPhHN4k6apgJtifcoCtT9bcxOpYBtpD2kCM6Sbzg4CausW/PKQ==

loose-envify@^1.1.0:
  version "1.4.0"
  resolved "https://registry.npmjs.org/loose-envify/-/loose-envify-1.4.0.tgz"
  integrity sha512-lyuxPGr/Wfhrlem2CL/UcnUc1zcqKAImBDzukY7Y5F/yQiNdko6+fRLevlw1HgMySw7f611UIY408EtxRSoK3Q==
  dependencies:
    js-tokens "^3.0.0 || ^4.0.0"

meow@^13.1.0:
  version "13.2.0"
  resolved "https://registry.npmjs.org/meow/-/meow-13.2.0.tgz"
  integrity sha512-pxQJQzB6djGPXh08dacEloMFopsOqGVRKFPYvPOt9XDZ1HasbgDZA74CJGreSU4G3Ak7EFJGoiH2auq+yXISgA==

mime@^3.0.0:
  version "3.0.0"
  resolved "https://registry.npmjs.org/mime/-/mime-3.0.0.tgz"
  integrity sha512-jSCU7/VB1loIWBZe14aEYHU/+1UMEHoaO7qxCOVJOw9GgH72VAWppxNcjU+x9a2k3GSIBXNKxXQFqRvvZ7vr3A==

msgpackr@^1.10.1:
  version "1.10.1"
  resolved "https://registry.npmjs.org/msgpackr/-/msgpackr-1.10.1.tgz"
  integrity sha512-r5VRLv9qouXuLiIBrLpl2d5ZvPt8svdQTl5/vMvE4nzDMyEX4sgW5yWhuBBj5UmgwOTWj8CIdSXn5sAfsHAWIQ==
  optionalDependencies:
    msgpackr-extract "^3.0.2"

msgpackr-extract@^3.0.2:
  version "3.0.2"
  resolved "https://registry.npmjs.org/msgpackr-extract/-/msgpackr-extract-3.0.2.tgz"
  integrity sha512-SdzXp4kD/Qf8agZ9+iTu6eql0m3kWm1A2y1hkpTeVNENutaB0BwHlSvAIaMxwntmRUAUjon2V4L8Z/njd0Ct8A==
  dependencies:
    node-gyp-build-optional-packages "5.0.7"
  optionalDependencies:
    "@msgpackr-extract/msgpackr-extract-darwin-arm64" "3.0.2"
    "@msgpackr-extract/msgpackr-extract-darwin-x64" "3.0.2"
    "@msgpackr-extract/msgpackr-extract-linux-arm" "3.0.2"
    "@msgpackr-extract/msgpackr-extract-linux-arm64" "3.0.2"
    "@msgpackr-extract/msgpackr-extract-linux-x64" "3.0.2"
    "@msgpackr-extract/msgpackr-extract-win32-x64" "3.0.2"

multipasta@^0.1.21:
  version "0.1.21"
  resolved "https://registry.npmjs.org/multipasta/-/multipasta-0.1.21.tgz"
  integrity sha512-HpF9156uifsQu1L8KKW1EqXIt3DacHJTzQ+JSm6IShkcyyf+krOWzfOgT3OLHzesM40hbs6/QW5CJWSEdDPQag==

nanoid@^3.3.6:
  version "3.3.7"
  resolved "https://registry.npmjs.org/nanoid/-/nanoid-3.3.7.tgz"
  integrity sha512-eSRppjcPIatRIMC1U6UngP8XFcz8MQWGQdt1MTBQ7NaAmvXDfvNxbvWV3x2y6CdEUciCSsDHDQZbhYaB8QEo2g==

"next@>=13 <15":
  version "14.1.0"
  resolved "https://registry.npmjs.org/next/-/next-14.1.0.tgz"
  integrity sha512-wlzrsbfeSU48YQBjZhDzOwhWhGsy+uQycR8bHAOt1LY1bn3zZEcDyHQOEoN3aWzQ8LHCAJ1nqrWCc9XF2+O45Q==
  dependencies:
    "@next/env" "14.1.0"
    "@swc/helpers" "0.5.2"
    busboy "1.6.0"
    caniuse-lite "^1.0.30001579"
    graceful-fs "^4.2.11"
    postcss "8.4.31"
    styled-jsx "5.1.1"
  optionalDependencies:
    "@next/swc-darwin-arm64" "14.1.0"
    "@next/swc-darwin-x64" "14.1.0"
    "@next/swc-linux-arm64-gnu" "14.1.0"
    "@next/swc-linux-arm64-musl" "14.1.0"
    "@next/swc-linux-x64-gnu" "14.1.0"
    "@next/swc-linux-x64-musl" "14.1.0"
    "@next/swc-win32-arm64-msvc" "14.1.0"
    "@next/swc-win32-ia32-msvc" "14.1.0"
    "@next/swc-win32-x64-msvc" "14.1.0"

node-gyp-build-optional-packages@5.0.7:
  version "5.0.7"
  resolved "https://registry.npmjs.org/node-gyp-build-optional-packages/-/node-gyp-build-optional-packages-5.0.7.tgz"
  integrity sha512-YlCCc6Wffkx0kHkmam79GKvDQ6x+QZkMjFGrIMxgFNILFvGSbCp2fCBC55pGTT9gVaz8Na5CLmxt/urtzRv36w==

path-browserify@^1.0.1:
  version "1.0.1"
  resolved "https://registry.npmjs.org/path-browserify/-/path-browserify-1.0.1.tgz"
  integrity sha512-b7uo2UCUOYZcnF/3ID0lulOJi/bafxa1xPe7ZPsammBSpjSWQkjNxlt635YGS2MiR9GjvuXCtz2emr3jbsz98g==

picocolors@^1.0.0:
  version "1.0.0"
  resolved "https://registry.npmjs.org/picocolors/-/picocolors-1.0.0.tgz"
  integrity sha512-1fygroTLlHu66zi26VoTDv8yRgm0Fccecssto+MhsZ0D/DGW2sm8E8AjW7NU5VVTRt5GxbeZ5qBuJr+HyLYkjQ==

postcss@8.4.31:
  version "8.4.31"
  resolved "https://registry.npmjs.org/postcss/-/postcss-8.4.31.tgz"
  integrity sha512-PS08Iboia9mts/2ygV3eLpY5ghnUcfLV/EXTOW1E2qYxJKGGBUtNjN76FYHnMs36RmARn41bC0AZmn+rR0OVpQ==
  dependencies:
    nanoid "^3.3.6"
    picocolors "^1.0.0"
    source-map-js "^1.0.2"

pure-rand@^6.0.0:
  version "6.0.4"
  resolved "https://registry.npmjs.org/pure-rand/-/pure-rand-6.0.4.tgz"
  integrity sha512-LA0Y9kxMYv47GIPJy6MI84fqTd2HmYZI83W/kM/SkKfDlajnZYfmXFTxkbY+xSBPkLJxltMa9hIkmdc29eguMA==

"react@>= 16.8.0 || 17.x.x || ^18.0.0-0", react@^18.2.0:
  version "18.2.0"
  resolved "https://registry.npmjs.org/react/-/react-18.2.0.tgz"
  integrity sha512-/3IjMdb2L9QbBdWiW5e3P2/npwMBaU9mHCSCUzNln0ZCYbcfTsGbTJrU/kGemdH2IWmB2ioZ+zkxtmq6g09fGQ==
  dependencies:
    loose-envify "^1.1.0"

react-dom@^18.2.0:
  version "18.2.0"
  resolved "https://registry.npmjs.org/react-dom/-/react-dom-18.2.0.tgz"
  integrity sha512-6IMTriUmvsjHUjNtEDudZfuDQUoWXVxKHhlEGSk81n4YFS+r/Kl99wXiwlVXtPBtJenozv2P+hxDsw9eA7Xo6g==
  dependencies:
    loose-envify "^1.1.0"
    scheduler "^0.23.0"

scheduler@^0.23.0:
  version "0.23.0"
  resolved "https://registry.npmjs.org/scheduler/-/scheduler-0.23.0.tgz"
  integrity sha512-CtuThmgHNg7zIZWAXi3AsyIzA3n4xx7aNyjwC2VJldO2LMVDhFK+63xGqq6CsJH4rTAt6/M+N4GhZiDYPx9eUw==
  dependencies:
    loose-envify "^1.1.0"

source-map-js@^1.0.2:
  version "1.0.2"
  resolved "https://registry.npmjs.org/source-map-js/-/source-map-js-1.0.2.tgz"
  integrity sha512-R0XvVJ9WusLiqTCEiGCmICCMplcCkIwwR11mOSD9CR5u+IXYdiseeEuXCVAjS54zqwkLcPNnmU4OeJ6tUrWhDw==

streamsearch@^1.1.0:
  version "1.1.0"
  resolved "https://registry.npmjs.org/streamsearch/-/streamsearch-1.1.0.tgz"
  integrity sha512-Mcc5wHehp9aXz1ax6bZUyY5afg9u2rv5cqQI3mRrYkGC8rW2hM02jWuwjtL++LS5qinSyhj2QfLyNsuc+VsExg==

styled-jsx@5.1.1:
  version "5.1.1"
  resolved "https://registry.npmjs.org/styled-jsx/-/styled-jsx-5.1.1.tgz"
  integrity sha512-pW7uC1l4mBZ8ugbiZrcIsiIvVx1UmTfw7UkC3Um2tmfUq9Bhk8IiyEIPl6F8agHgjzku6j0xQEZbfA5uSgSaCw==
  dependencies:
    client-only "0.0.1"

toml@^3.0.0:
  version "3.0.0"
  resolved "https://registry.npmjs.org/toml/-/toml-3.0.0.tgz"
  integrity sha512-y/mWCZinnvxjTKYhJ+pYxwD0mRLVvOtdS2Awbgxln6iEnt4rk0yBxeSBHkGJcPucRiG0e55mwWp+g/05rsrd6w==

tslib@^2.4.0:
  version "2.6.2"
  resolved "https://registry.npmjs.org/tslib/-/tslib-2.6.2.tgz"
  integrity sha512-AEYxH93jGFPn/a2iVAwW87VuUIkR1FVUKB77NwMF7nBTDkDrrT/Hpt/IrCJ0QXhW27jTBDcf5ZY7w6RiqTMw2Q==

typescript@^5.0.0:
  version "5.3.3"
  resolved "https://registry.npmjs.org/typescript/-/typescript-5.3.3.tgz"
  integrity sha512-pXWcraxM0uxAS+tN0AG/BF2TyqmHO014Z070UsJ+pFvYuRSq8KH8DmWpnbXe0pEPDHXZV3FcAbJkijJ5oNEnWw==

undici-types@~5.26.4:
  version "5.26.5"
  resolved "https://registry.npmjs.org/undici-types/-/undici-types-5.26.5.tgz"
  integrity sha512-JlCMO+ehdEIKqlFxk6IfVoAUVmgz7cU7zD/h9XZ0qzeosSHmUJVOzSQvvYSYWXkFXC+IfLKSIffhv0sVZup6pA==

ws@*, ws@^8.14, ws@^8.16.0:
  version "8.16.0"
  resolved "https://registry.npmjs.org/ws/-/ws-8.16.0.tgz"
  integrity sha512-HS0c//TP7Ina87TfiPUz1rQzMhHrl/SG2guqRcTOIUYD2q8uhUdNHZYJUaQ8aTGPzCh+c6oawMKW35nFl1dxyQ==

yaml@^2.3.4:
  version "2.3.4"
  resolved "https://registry.npmjs.org/yaml/-/yaml-2.3.4.tgz"
  integrity sha512-8aAvwVUSHpfEqTQ4w/KMlf3HcRdt50E5ODIQJBw1fQ5RL34xabzxtUlzTXVqc4rkZsPbvrXKWnABCD7kWSmocA==
